{
  "name": "d2-ord-from-oracle",
  "version": "1.0.0",
  "lockfileVersion": 3,
  "requires": true,
  "packages": {
    "": {
      "name": "d2-ord-from-oracle",
      "version": "1.0.0",
      "license": "ISC",
      "dependencies": {
        "oracledb": "^6.5.1"
      }
    },
    "node_modules/oracledb": {
      "version": "6.5.1",
      "resolved": "https://registry.npmjs.org/oracledb/-/oracledb-6.5.1.tgz",
      "integrity": "sha512-JzoSGei1wnvmqgKnAZK1W650mzHTZXx+7hClV4mwsbY/ZjUtrpnojNJMYJ2jkOhj7XG5oJPfXc4GqDKaNzkxqg==",
      "hasInstallScript": true,
      "license": "(Apache-2.0 OR UPL-1.0)",
      "engines": {
        "node": ">=14.6"
      }
    }
  }
}
